// !$*UTF8*$!
{
	archiveVersion = 1;
	classes = {
	};
	objectVersion = 56;
	objects = {

/* Begin PBXBuildFile section */
		097251862B2F09030059A62C /* Clean_SwiftUIApp.swift in Sources */ = {isa = PBXBuildFile; fileRef = 097251852B2F09030059A62C /* Clean_SwiftUIApp.swift */; };
		0972518A2B2F09050059A62C /* Assets.xcassets in Resources */ = {isa = PBXBuildFile; fileRef = 097251892B2F09050059A62C /* Assets.xcassets */; };
		0972518D2B2F09050059A62C /* Preview Assets.xcassets in Resources */ = {isa = PBXBuildFile; fileRef = 0972518C2B2F09050059A62C /* Preview Assets.xcassets */; };
		0972519F2B2F0B6F0059A62C /* UserListView.swift in Sources */ = {isa = PBXBuildFile; fileRef = 0972519E2B2F0B6F0059A62C /* UserListView.swift */; };
		097251A12B2F0B7D0059A62C /* UserListPresenter.swift in Sources */ = {isa = PBXBuildFile; fileRef = 097251A02B2F0B7D0059A62C /* UserListPresenter.swift */; };
		097251A32B2F0B870059A62C /* UserListInteractor.swift in Sources */ = {isa = PBXBuildFile; fileRef = 097251A22B2F0B870059A62C /* UserListInteractor.swift */; };
		097251A52B2F0B9E0059A62C /* UserListRepository.swift in Sources */ = {isa = PBXBuildFile; fileRef = 097251A42B2F0B9E0059A62C /* UserListRepository.swift */; };
		097251A72B2F0BB20059A62C /* UserListModel.swift in Sources */ = {isa = PBXBuildFile; fileRef = 097251A62B2F0BB20059A62C /* UserListModel.swift */; };
		097251AB2B2F0E230059A62C /* UserListAssembly.swift in Sources */ = {isa = PBXBuildFile; fileRef = 097251AA2B2F0E230059A62C /* UserListAssembly.swift */; };
		097251AD2B2F12A40059A62C /* UserListViewModel.swift in Sources */ = {isa = PBXBuildFile; fileRef = 097251AC2B2F12A40059A62C /* UserListViewModel.swift */; };
		097251AF2B2F17730059A62C /* ApiService.swift in Sources */ = {isa = PBXBuildFile; fileRef = 097251AE2B2F17730059A62C /* ApiService.swift */; };
		09B5754B2B3067A6009CABC5 /* Coordinator.swift in Sources */ = {isa = PBXBuildFile; fileRef = 09B5754A2B3067A6009CABC5 /* Coordinator.swift */; };
		09B575512B30690F009CABC5 /* ContentView.swift in Sources */ = {isa = PBXBuildFile; fileRef = 09B575502B30690F009CABC5 /* ContentView.swift */; };
		09B5755B2B3076AE009CABC5 /* TodoListView.swift in Sources */ = {isa = PBXBuildFile; fileRef = 09B5755A2B3076AE009CABC5 /* TodoListView.swift */; };
		09B5755D2B307705009CABC5 /* TodoListViewModel.swift in Sources */ = {isa = PBXBuildFile; fileRef = 09B5755C2B307705009CABC5 /* TodoListViewModel.swift */; };
		09B5755F2B30773D009CABC5 /* TodoListPresenter.swift in Sources */ = {isa = PBXBuildFile; fileRef = 09B5755E2B30773D009CABC5 /* TodoListPresenter.swift */; };
		09B575612B307766009CABC5 /* TodoListInteractor.swift in Sources */ = {isa = PBXBuildFile; fileRef = 09B575602B307766009CABC5 /* TodoListInteractor.swift */; };
		09B575632B3077C1009CABC5 /* TodoListAssembly.swift in Sources */ = {isa = PBXBuildFile; fileRef = 09B575622B3077C1009CABC5 /* TodoListAssembly.swift */; };
		09B575652B30787E009CABC5 /* TodoListModel.swift in Sources */ = {isa = PBXBuildFile; fileRef = 09B575642B30787E009CABC5 /* TodoListModel.swift */; };
/* End PBXBuildFile section */

/* Begin PBXFileReference section */
		097251822B2F09030059A62C /* Clean-SwiftUI.app */ = {isa = PBXFileReference; explicitFileType = wrapper.application; includeInIndex = 0; path = "Clean-SwiftUI.app"; sourceTree = BUILT_PRODUCTS_DIR; };
		097251852B2F09030059A62C /* Clean_SwiftUIApp.swift */ = {isa = PBXFileReference; lastKnownFileType = sourcecode.swift; path = Clean_SwiftUIApp.swift; sourceTree = "<group>"; };
		097251892B2F09050059A62C /* Assets.xcassets */ = {isa = PBXFileReference; lastKnownFileType = folder.assetcatalog; path = Assets.xcassets; sourceTree = "<group>"; };
		0972518C2B2F09050059A62C /* Preview Assets.xcassets */ = {isa = PBXFileReference; lastKnownFileType = folder.assetcatalog; path = "Preview Assets.xcassets"; sourceTree = "<group>"; };
		0972519E2B2F0B6F0059A62C /* UserListView.swift */ = {isa = PBXFileReference; lastKnownFileType = sourcecode.swift; path = UserListView.swift; sourceTree = "<group>"; };
		097251A02B2F0B7D0059A62C /* UserListPresenter.swift */ = {isa = PBXFileReference; lastKnownFileType = sourcecode.swift; path = UserListPresenter.swift; sourceTree = "<group>"; };
		097251A22B2F0B870059A62C /* UserListInteractor.swift */ = {isa = PBXFileReference; lastKnownFileType = sourcecode.swift; path = UserListInteractor.swift; sourceTree = "<group>"; };
		097251A42B2F0B9E0059A62C /* UserListRepository.swift */ = {isa = PBXFileReference; lastKnownFileType = sourcecode.swift; path = UserListRepository.swift; sourceTree = "<group>"; };
		097251A62B2F0BB20059A62C /* UserListModel.swift */ = {isa = PBXFileReference; lastKnownFileType = sourcecode.swift; path = UserListModel.swift; sourceTree = "<group>"; };
		097251AA2B2F0E230059A62C /* UserListAssembly.swift */ = {isa = PBXFileReference; lastKnownFileType = sourcecode.swift; path = UserListAssembly.swift; sourceTree = "<group>"; };
		097251AC2B2F12A40059A62C /* UserListViewModel.swift */ = {isa = PBXFileReference; lastKnownFileType = sourcecode.swift; path = UserListViewModel.swift; sourceTree = "<group>"; };
		097251AE2B2F17730059A62C /* ApiService.swift */ = {isa = PBXFileReference; lastKnownFileType = sourcecode.swift; path = ApiService.swift; sourceTree = "<group>"; };
		09B5754A2B3067A6009CABC5 /* Coordinator.swift */ = {isa = PBXFileReference; lastKnownFileType = sourcecode.swift; path = Coordinator.swift; sourceTree = "<group>"; };
		09B575502B30690F009CABC5 /* ContentView.swift */ = {isa = PBXFileReference; lastKnownFileType = sourcecode.swift; path = ContentView.swift; sourceTree = "<group>"; };
		09B5755A2B3076AE009CABC5 /* TodoListView.swift */ = {isa = PBXFileReference; lastKnownFileType = sourcecode.swift; path = TodoListView.swift; sourceTree = "<group>"; };
		09B5755C2B307705009CABC5 /* TodoListViewModel.swift */ = {isa = PBXFileReference; lastKnownFileType = sourcecode.swift; path = TodoListViewModel.swift; sourceTree = "<group>"; };
		09B5755E2B30773D009CABC5 /* TodoListPresenter.swift */ = {isa = PBXFileReference; lastKnownFileType = sourcecode.swift; path = TodoListPresenter.swift; sourceTree = "<group>"; };
		09B575602B307766009CABC5 /* TodoListInteractor.swift */ = {isa = PBXFileReference; lastKnownFileType = sourcecode.swift; path = TodoListInteractor.swift; sourceTree = "<group>"; };
		09B575622B3077C1009CABC5 /* TodoListAssembly.swift */ = {isa = PBXFileReference; lastKnownFileType = sourcecode.swift; path = TodoListAssembly.swift; sourceTree = "<group>"; };
		09B575642B30787E009CABC5 /* TodoListModel.swift */ = {isa = PBXFileReference; lastKnownFileType = sourcecode.swift; path = TodoListModel.swift; sourceTree = "<group>"; };
/* End PBXFileReference section */

/* Begin PBXFrameworksBuildPhase section */
		0972517F2B2F09030059A62C /* Frameworks */ = {
			isa = PBXFrameworksBuildPhase;
			buildActionMask = 2147483647;
			files = (
			);
			runOnlyForDeploymentPostprocessing = 0;
		};
/* End PBXFrameworksBuildPhase section */

/* Begin PBXGroup section */
		097251792B2F09030059A62C = {
			isa = PBXGroup;
			children = (
				097251842B2F09030059A62C /* Clean-SwiftUI */,
				097251832B2F09030059A62C /* Products */,
			);
			sourceTree = "<group>";
		};
		097251832B2F09030059A62C /* Products */ = {
			isa = PBXGroup;
			children = (
				097251822B2F09030059A62C /* Clean-SwiftUI.app */,
			);
			name = Products;
			sourceTree = "<group>";
		};
		097251842B2F09030059A62C /* Clean-SwiftUI */ = {
			isa = PBXGroup;
			children = (
				097251932B2F091A0059A62C /* App */,
				097251952B2F09980059A62C /* Source */,
				097251942B2F091F0059A62C /* Resources */,
			);
			path = "Clean-SwiftUI";
			sourceTree = "<group>";
		};
		0972518B2B2F09050059A62C /* Preview Content */ = {
			isa = PBXGroup;
			children = (
				0972518C2B2F09050059A62C /* Preview Assets.xcassets */,
			);
			path = "Preview Content";
			sourceTree = "<group>";
		};
		097251932B2F091A0059A62C /* App */ = {
			isa = PBXGroup;
			children = (
				097251852B2F09030059A62C /* Clean_SwiftUIApp.swift */,
			);
			path = App;
			sourceTree = "<group>";
		};
		097251942B2F091F0059A62C /* Resources */ = {
			isa = PBXGroup;
			children = (
				097251892B2F09050059A62C /* Assets.xcassets */,
				0972518B2B2F09050059A62C /* Preview Content */,
			);
			path = Resources;
			sourceTree = "<group>";
		};
		097251952B2F09980059A62C /* Source */ = {
			isa = PBXGroup;
			children = (
				097251962B2F09A10059A62C /* Scenes */,
				097251982B2F09B30059A62C /* Services */,
				097251972B2F09AB0059A62C /* Managers */,
			);
			path = Source;
			sourceTree = "<group>";
		};
		097251962B2F09A10059A62C /* Scenes */ = {
			isa = PBXGroup;
			children = (
				09B575492B306797009CABC5 /* Coordinator */,
				097251992B2F09EA0059A62C /* UserList */,
				0972519A2B2F0B010059A62C /* TodoList */,
			);
			path = Scenes;
			sourceTree = "<group>";
		};
		097251972B2F09AB0059A62C /* Managers */ = {
			isa = PBXGroup;
			children = (
			);
			path = Managers;
			sourceTree = "<group>";
		};
		097251982B2F09B30059A62C /* Services */ = {
			isa = PBXGroup;
			children = (
				097251AE2B2F17730059A62C /* ApiService.swift */,
			);
			path = Services;
			sourceTree = "<group>";
		};
		097251992B2F09EA0059A62C /* UserList */ = {
			isa = PBXGroup;
			children = (
				0972519B2B2F0B1C0059A62C /* Presentation */,
				0972519C2B2F0B240059A62C /* Domain */,
				0972519D2B2F0B360059A62C /* Data */,
			);
			path = UserList;
			sourceTree = "<group>";
		};
		0972519A2B2F0B010059A62C /* TodoList */ = {
			isa = PBXGroup;
			children = (
				09B575572B30765C009CABC5 /* Presentation */,
				09B575582B307662009CABC5 /* Domain */,
				09B575592B307669009CABC5 /* Data */,
			);
			path = TodoList;
			sourceTree = "<group>";
		};
		0972519B2B2F0B1C0059A62C /* Presentation */ = {
			isa = PBXGroup;
			children = (
				0972519E2B2F0B6F0059A62C /* UserListView.swift */,
				097251AC2B2F12A40059A62C /* UserListViewModel.swift */,
				097251A02B2F0B7D0059A62C /* UserListPresenter.swift */,
			);
			path = Presentation;
			sourceTree = "<group>";
		};
		0972519C2B2F0B240059A62C /* Domain */ = {
			isa = PBXGroup;
			children = (
				097251A22B2F0B870059A62C /* UserListInteractor.swift */,
			);
			path = Domain;
			sourceTree = "<group>";
		};
		0972519D2B2F0B360059A62C /* Data */ = {
			isa = PBXGroup;
			children = (
				097251A42B2F0B9E0059A62C /* UserListRepository.swift */,
				097251A62B2F0BB20059A62C /* UserListModel.swift */,
			);
			path = Data;
			sourceTree = "<group>";
		};
		09B575492B306797009CABC5 /* Coordinator */ = {
			isa = PBXGroup;
			children = (
				09B5754A2B3067A6009CABC5 /* Coordinator.swift */,
				097251AA2B2F0E230059A62C /* UserListAssembly.swift */,
				09B575622B3077C1009CABC5 /* TodoListAssembly.swift */,
				09B575502B30690F009CABC5 /* ContentView.swift */,
			);
			path = Coordinator;
			sourceTree = "<group>";
		};
		09B575572B30765C009CABC5 /* Presentation */ = {
			isa = PBXGroup;
			children = (
				09B5755A2B3076AE009CABC5 /* TodoListView.swift */,
				09B5755C2B307705009CABC5 /* TodoListViewModel.swift */,
				09B5755E2B30773D009CABC5 /* TodoListPresenter.swift */,
			);
			path = Presentation;
			sourceTree = "<group>";
		};
		09B575582B307662009CABC5 /* Domain */ = {
			isa = PBXGroup;
			children = (
				09B575602B307766009CABC5 /* TodoListInteractor.swift */,
			);
			path = Domain;
			sourceTree = "<group>";
		};
		09B575592B307669009CABC5 /* Data */ = {
			isa = PBXGroup;
			children = (
				09B575642B30787E009CABC5 /* TodoListModel.swift */,
			);
			path = Data;
			sourceTree = "<group>";
		};
/* End PBXGroup section */

/* Begin PBXNativeTarget section */
		097251812B2F09030059A62C /* Clean-SwiftUI */ = {
			isa = PBXNativeTarget;
			buildConfigurationList = 097251902B2F09050059A62C /* Build configuration list for PBXNativeTarget "Clean-SwiftUI" */;
			buildPhases = (
				0972517E2B2F09030059A62C /* Sources */,
				0972517F2B2F09030059A62C /* Frameworks */,
				097251802B2F09030059A62C /* Resources */,
			);
			buildRules = (
			);
			dependencies = (
			);
			name = "Clean-SwiftUI";
			productName = "Clean-SwiftUI";
			productReference = 097251822B2F09030059A62C /* Clean-SwiftUI.app */;
			productType = "com.apple.product-type.application";
		};
/* End PBXNativeTarget section */

/* Begin PBXProject section */
		0972517A2B2F09030059A62C /* Project object */ = {
			isa = PBXProject;
			attributes = {
				BuildIndependentTargetsInParallel = 1;
				LastSwiftUpdateCheck = 1420;
				LastUpgradeCheck = 1420;
				TargetAttributes = {
					097251812B2F09030059A62C = {
						CreatedOnToolsVersion = 14.2;
					};
				};
			};
			buildConfigurationList = 0972517D2B2F09030059A62C /* Build configuration list for PBXProject "Clean-SwiftUI" */;
			compatibilityVersion = "Xcode 14.0";
			developmentRegion = en;
			hasScannedForEncodings = 0;
			knownRegions = (
				en,
				Base,
			);
			mainGroup = 097251792B2F09030059A62C;
			productRefGroup = 097251832B2F09030059A62C /* Products */;
			projectDirPath = "";
			projectRoot = "";
			targets = (
				097251812B2F09030059A62C /* Clean-SwiftUI */,
			);
		};
/* End PBXProject section */

/* Begin PBXResourcesBuildPhase section */
		097251802B2F09030059A62C /* Resources */ = {
			isa = PBXResourcesBuildPhase;
			buildActionMask = 2147483647;
			files = (
				0972518D2B2F09050059A62C /* Preview Assets.xcassets in Resources */,
				0972518A2B2F09050059A62C /* Assets.xcassets in Resources */,
			);
			runOnlyForDeploymentPostprocessing = 0;
		};
/* End PBXResourcesBuildPhase section */

/* Begin PBXSourcesBuildPhase section */
		0972517E2B2F09030059A62C /* Sources */ = {
			isa = PBXSourcesBuildPhase;
			buildActionMask = 2147483647;
			files = (
				09B5755F2B30773D009CABC5 /* TodoListPresenter.swift in Sources */,
				09B575612B307766009CABC5 /* TodoListInteractor.swift in Sources */,
				097251A72B2F0BB20059A62C /* UserListModel.swift in Sources */,
				09B575652B30787E009CABC5 /* TodoListModel.swift in Sources */,
				09B575632B3077C1009CABC5 /* TodoListAssembly.swift in Sources */,
				097251AD2B2F12A40059A62C /* UserListViewModel.swift in Sources */,
				09B5755D2B307705009CABC5 /* TodoListViewModel.swift in Sources */,
				09B5755B2B3076AE009CABC5 /* TodoListView.swift in Sources */,
				09B575512B30690F009CABC5 /* ContentView.swift in Sources */,
				09B5754B2B3067A6009CABC5 /* Coordinator.swift in Sources */,
				097251862B2F09030059A62C /* Clean_SwiftUIApp.swift in Sources */,
				097251A32B2F0B870059A62C /* UserListInteractor.swift in Sources */,
				097251AB2B2F0E230059A62C /* UserListAssembly.swift in Sources */,
				097251AF2B2F17730059A62C /* ApiService.swift in Sources */,
				097251A12B2F0B7D0059A62C /* UserListPresenter.swift in Sources */,
				097251A52B2F0B9E0059A62C /* UserListRepository.swift in Sources */,
				0972519F2B2F0B6F0059A62C /* UserListView.swift in Sources */,
			);
			runOnlyForDeploymentPostprocessing = 0;
		};
/* End PBXSourcesBuildPhase section */

/* Begin XCBuildConfiguration section */
		0972518E2B2F09050059A62C /* Debug */ = {
			isa = XCBuildConfiguration;
			buildSettings = {
				ALWAYS_SEARCH_USER_PATHS = NO;
				CLANG_ANALYZER_NONNULL = YES;
				CLANG_ANALYZER_NUMBER_OBJECT_CONVERSION = YES_AGGRESSIVE;
				CLANG_CXX_LANGUAGE_STANDARD = "gnu++20";
				CLANG_ENABLE_MODULES = YES;
				CLANG_ENABLE_OBJC_ARC = YES;
				CLANG_ENABLE_OBJC_WEAK = YES;
				CLANG_WARN_BLOCK_CAPTURE_AUTORELEASING = YES;
				CLANG_WARN_BOOL_CONVERSION = YES;
				CLANG_WARN_COMMA = YES;
				CLANG_WARN_CONSTANT_CONVERSION = YES;
				CLANG_WARN_DEPRECATED_OBJC_IMPLEMENTATIONS = YES;
				CLANG_WARN_DIRECT_OBJC_ISA_USAGE = YES_ERROR;
				CLANG_WARN_DOCUMENTATION_COMMENTS = YES;
				CLANG_WARN_EMPTY_BODY = YES;
				CLANG_WARN_ENUM_CONVERSION = YES;
				CLANG_WARN_INFINITE_RECURSION = YES;
				CLANG_WARN_INT_CONVERSION = YES;
				CLANG_WARN_NON_LITERAL_NULL_CONVERSION = YES;
				CLANG_WARN_OBJC_IMPLICIT_RETAIN_SELF = YES;
				CLANG_WARN_OBJC_LITERAL_CONVERSION = YES;
				CLANG_WARN_OBJC_ROOT_CLASS = YES_ERROR;
				CLANG_WARN_QUOTED_INCLUDE_IN_FRAMEWORK_HEADER = YES;
				CLANG_WARN_RANGE_LOOP_ANALYSIS = YES;
				CLANG_WARN_STRICT_PROTOTYPES = YES;
				CLANG_WARN_SUSPICIOUS_MOVE = YES;
				CLANG_WARN_UNGUARDED_AVAILABILITY = YES_AGGRESSIVE;
				CLANG_WARN_UNREACHABLE_CODE = YES;
				CLANG_WARN__DUPLICATE_METHOD_MATCH = YES;
				COPY_PHASE_STRIP = NO;
				DEBUG_INFORMATION_FORMAT = dwarf;
				ENABLE_STRICT_OBJC_MSGSEND = YES;
				ENABLE_TESTABILITY = YES;
				GCC_C_LANGUAGE_STANDARD = gnu11;
				GCC_DYNAMIC_NO_PIC = NO;
				GCC_NO_COMMON_BLOCKS = YES;
				GCC_OPTIMIZATION_LEVEL = 0;
				GCC_PREPROCESSOR_DEFINITIONS = (
					"DEBUG=1",
					"$(inherited)",
				);
				GCC_WARN_64_TO_32_BIT_CONVERSION = YES;
				GCC_WARN_ABOUT_RETURN_TYPE = YES_ERROR;
				GCC_WARN_UNDECLARED_SELECTOR = YES;
				GCC_WARN_UNINITIALIZED_AUTOS = YES_AGGRESSIVE;
				GCC_WARN_UNUSED_FUNCTION = YES;
				GCC_WARN_UNUSED_VARIABLE = YES;
				IPHONEOS_DEPLOYMENT_TARGET = 16.2;
				MTL_ENABLE_DEBUG_INFO = INCLUDE_SOURCE;
				MTL_FAST_MATH = YES;
				ONLY_ACTIVE_ARCH = YES;
				SDKROOT = iphoneos;
				SWIFT_ACTIVE_COMPILATION_CONDITIONS = DEBUG;
				SWIFT_OPTIMIZATION_LEVEL = "-Onone";
			};
			name = Debug;
		};
		0972518F2B2F09050059A62C /* Release */ = {
			isa = XCBuildConfiguration;
			buildSettings = {
				ALWAYS_SEARCH_USER_PATHS = NO;
				CLANG_ANALYZER_NONNULL = YES;
				CLANG_ANALYZER_NUMBER_OBJECT_CONVERSION = YES_AGGRESSIVE;
				CLANG_CXX_LANGUAGE_STANDARD = "gnu++20";
				CLANG_ENABLE_MODULES = YES;
				CLANG_ENABLE_OBJC_ARC = YES;
				CLANG_ENABLE_OBJC_WEAK = YES;
				CLANG_WARN_BLOCK_CAPTURE_AUTORELEASING = YES;
				CLANG_WARN_BOOL_CONVERSION = YES;
				CLANG_WARN_COMMA = YES;
				CLANG_WARN_CONSTANT_CONVERSION = YES;
				CLANG_WARN_DEPRECATED_OBJC_IMPLEMENTATIONS = YES;
				CLANG_WARN_DIRECT_OBJC_ISA_USAGE = YES_ERROR;
				CLANG_WARN_DOCUMENTATION_COMMENTS = YES;
				CLANG_WARN_EMPTY_BODY = YES;
				CLANG_WARN_ENUM_CONVERSION = YES;
				CLANG_WARN_INFINITE_RECURSION = YES;
				CLANG_WARN_INT_CONVERSION = YES;
				CLANG_WARN_NON_LITERAL_NULL_CONVERSION = YES;
				CLANG_WARN_OBJC_IMPLICIT_RETAIN_SELF = YES;
				CLANG_WARN_OBJC_LITERAL_CONVERSION = YES;
				CLANG_WARN_OBJC_ROOT_CLASS = YES_ERROR;
				CLANG_WARN_QUOTED_INCLUDE_IN_FRAMEWORK_HEADER = YES;
				CLANG_WARN_RANGE_LOOP_ANALYSIS = YES;
				CLANG_WARN_STRICT_PROTOTYPES = YES;
				CLANG_WARN_SUSPICIOUS_MOVE = YES;
				CLANG_WARN_UNGUARDED_AVAILABILITY = YES_AGGRESSIVE;
				CLANG_WARN_UNREACHABLE_CODE = YES;
				CLANG_WARN__DUPLICATE_METHOD_MATCH = YES;
				COPY_PHASE_STRIP = NO;
				DEBUG_INFORMATION_FORMAT = "dwarf-with-dsym";
				ENABLE_NS_ASSERTIONS = NO;
				ENABLE_STRICT_OBJC_MSGSEND = YES;
				GCC_C_LANGUAGE_STANDARD = gnu11;
				GCC_NO_COMMON_BLOCKS = YES;
				GCC_WARN_64_TO_32_BIT_CONVERSION = YES;
				GCC_WARN_ABOUT_RETURN_TYPE = YES_ERROR;
				GCC_WARN_UNDECLARED_SELECTOR = YES;
				GCC_WARN_UNINITIALIZED_AUTOS = YES_AGGRESSIVE;
				GCC_WARN_UNUSED_FUNCTION = YES;
				GCC_WARN_UNUSED_VARIABLE = YES;
				IPHONEOS_DEPLOYMENT_TARGET = 16.2;
				MTL_ENABLE_DEBUG_INFO = NO;
				MTL_FAST_MATH = YES;
				SDKROOT = iphoneos;
				SWIFT_COMPILATION_MODE = wholemodule;
				SWIFT_OPTIMIZATION_LEVEL = "-O";
				VALIDATE_PRODUCT = YES;
			};
			name = Release;
		};
		097251912B2F09050059A62C /* Debug */ = {
			isa = XCBuildConfiguration;
			buildSettings = {
				ASSETCATALOG_COMPILER_APPICON_NAME = AppIcon;
				ASSETCATALOG_COMPILER_GLOBAL_ACCENT_COLOR_NAME = AccentColor;
				CODE_SIGN_STYLE = Automatic;
				CURRENT_PROJECT_VERSION = 1;
				DEVELOPMENT_ASSET_PATHS = "\"Clean-SwiftUI/Resources/Preview Content\"";
				DEVELOPMENT_TEAM = 2B85PH5M9P;
				ENABLE_PREVIEWS = YES;
				GENERATE_INFOPLIST_FILE = YES;
				INFOPLIST_KEY_UIApplicationSceneManifest_Generation = YES;
				INFOPLIST_KEY_UIApplicationSupportsIndirectInputEvents = YES;
				INFOPLIST_KEY_UILaunchScreen_Generation = YES;
				INFOPLIST_KEY_UISupportedInterfaceOrientations_iPad = "UIInterfaceOrientationPortrait UIInterfaceOrientationPortraitUpsideDown UIInterfaceOrientationLandscapeLeft UIInterfaceOrientationLandscapeRight";
				INFOPLIST_KEY_UISupportedInterfaceOrientations_iPhone = "UIInterfaceOrientationPortrait UIInterfaceOrientationLandscapeLeft UIInterfaceOrientationLandscapeRight";
				LD_RUNPATH_SEARCH_PATHS = (
					"$(inherited)",
					"@executable_path/Frameworks",
				);
				MARKETING_VERSION = 1.0;
				PRODUCT_BUNDLE_IDENTIFIER = "YanRybkin.Clean-SwiftUI";
				PRODUCT_NAME = "$(TARGET_NAME)";
				SWIFT_EMIT_LOC_STRINGS = YES;
				SWIFT_VERSION = 5.0;
				TARGETED_DEVICE_FAMILY = "1,2";
			};
			name = Debug;
		};
		097251922B2F09050059A62C /* Release */ = {
			isa = XCBuildConfiguration;
			buildSettings = {
				ASSETCATALOG_COMPILER_APPICON_NAME = AppIcon;
				ASSETCATALOG_COMPILER_GLOBAL_ACCENT_COLOR_NAME = AccentColor;
				CODE_SIGN_STYLE = Automatic;
				CURRENT_PROJECT_VERSION = 1;
				DEVELOPMENT_ASSET_PATHS = "\"Clean-SwiftUI/Resources/Preview Content\"";
				DEVELOPMENT_TEAM = 2B85PH5M9P;
				ENABLE_PREVIEWS = YES;
				GENERATE_INFOPLIST_FILE = YES;
				INFOPLIST_KEY_UIApplicationSceneManifest_Generation = YES;
				INFOPLIST_KEY_UIApplicationSupportsIndirectInputEvents = YES;
				INFOPLIST_KEY_UILaunchScreen_Generation = YES;
				INFOPLIST_KEY_UISupportedInterfaceOrientations_iPad = "UIInterfaceOrientationPortrait UIInterfaceOrientationPortraitUpsideDown UIInterfaceOrientationLandscapeLeft UIInterfaceOrientationLandscapeRight";
				INFOPLIST_KEY_UISupportedInterfaceOrientations_iPhone = "UIInterfaceOrientationPortrait UIInterfaceOrientationLandscapeLeft UIInterfaceOrientationLandscapeRight";
				LD_RUNPATH_SEARCH_PATHS = (
					"$(inherited)",
					"@executable_path/Frameworks",
				);
				MARKETING_VERSION = 1.0;
				PRODUCT_BUNDLE_IDENTIFIER = "YanRybkin.Clean-SwiftUI";
				PRODUCT_NAME = "$(TARGET_NAME)";
				SWIFT_EMIT_LOC_STRINGS = YES;
				SWIFT_VERSION = 5.0;
				TARGETED_DEVICE_FAMILY = "1,2";
			};
			name = Release;
		};
/* End XCBuildConfiguration section */

/* Begin XCConfigurationList section */
		0972517D2B2F09030059A62C /* Build configuration list for PBXProject "Clean-SwiftUI" */ = {
			isa = XCConfigurationList;
			buildConfigurations = (
				0972518E2B2F09050059A62C /* Debug */,
				0972518F2B2F09050059A62C /* Release */,
			);
			defaultConfigurationIsVisible = 0;
			defaultConfigurationName = Release;
		};
		097251902B2F09050059A62C /* Build configuration list for PBXNativeTarget "Clean-SwiftUI" */ = {
			isa = XCConfigurationList;
			buildConfigurations = (
				097251912B2F09050059A62C /* Debug */,
				097251922B2F09050059A62C /* Release */,
			);
			defaultConfigurationIsVisible = 0;
			defaultConfigurationName = Release;
		};
/* End XCConfigurationList section */
	};
	rootObject = 0972517A2B2F09030059A62C /* Project object */;
}
